
Microsoft Visual Studio Solution File, Format Version 12.00
# Visual Studio Version 17
VisualStudioVersion = 17.7.34018.315
MinimumVisualStudioVersion = 10.0.40219.1
Project("{9A19103F-16F7-4668-BE54-9A1E7A4F7556}") = "PrograWebPractica2", "PrograWebPractica2\PrograWebPractica2.csproj", "{E838B44D-AFF4-4F0E-ACC1-29E036E028DF}"
EndProject
Global
	GlobalSection(SolutionConfigurationPlatforms) = preSolution
		Debug|Any CPU = Debug|Any CPU
		Release|Any CPU = Release|Any CPU
	EndGlobalSection
	GlobalSection(ProjectConfigurationPlatforms) = postSolution
		{E838B44D-AFF4-4F0E-ACC1-29E036E028DF}.Debug|Any CPU.ActiveCfg = Debug|Any CPU
		{E838B44D-AFF4-4F0E-ACC1-29E036E028DF}.Debug|Any CPU.Build.0 = Debug|Any CPU
		{E838B44D-AFF4-4F0E-ACC1-29E036E028DF}.Release|Any CPU.ActiveCfg = Release|Any CPU
		{E838B44D-AFF4-4F0E-ACC1-29E036E028DF}.Release|Any CPU.Build.0 = Release|Any CPU
	EndGlobalSection
	GlobalSection(SolutionProperties) = preSolution
		HideSolutionNode = FALSE
	EndGlobalSection
	GlobalSection(ExtensibilityGlobals) = postSolution
		SolutionGuid = {BDF58F0B-8210-4BB1-9A59-F797897F22D8}
	EndGlobalSection
EndGlobal
